
Microsoft Visual Studio Solution File, Format Version 12.00
# Visual Studio Version 16
VisualStudioVersion = 16.0.31005.135
MinimumVisualStudioVersion = 10.0.40219.1
Project("{FAE04EC0-301F-11D3-BF4B-00C04F79EFBC}") = "RPSLab2", "RPSLab2\RPSLab2.csproj", "{DF407670-0E72-455B-968D-9E8A161E51C5}"
EndProject
Global
	GlobalSection(SolutionConfigurationPlatforms) = preSolution
		Debug|Any CPU = Debug|Any CPU
		Release|Any CPU = Release|Any CPU
	EndGlobalSection
	GlobalSection(ProjectConfigurationPlatforms) = postSolution
		{DF407670-0E72-455B-968D-9E8A161E51C5}.Debug|Any CPU.ActiveCfg = Debug|Any CPU
		{DF407670-0E72-455B-968D-9E8A161E51C5}.Debug|Any CPU.Build.0 = Debug|Any CPU
		{DF407670-0E72-455B-968D-9E8A161E51C5}.Release|Any CPU.ActiveCfg = Release|Any CPU
		{DF407670-0E72-455B-968D-9E8A161E51C5}.Release|Any CPU.Build.0 = Release|Any CPU
	EndGlobalSection
	GlobalSection(SolutionProperties) = preSolution
		HideSolutionNode = FALSE
	EndGlobalSection
	GlobalSection(ExtensibilityGlobals) = postSolution
		SolutionGuid = {0A2348F1-33C4-44F4-B275-F0FE72BCF399}
	EndGlobalSection
EndGlobal
